# This file is autogenerated, do not edit; changes may be undone by the next 'dep ensure'.


[[projects]]
  branch = "master"
  digest = "1:f5de888d0fc74e5178b1a8498e6626dd95def6131a7868834b3f657725e6d1f4"
  name = "github.com/calebhiebert/gobbl"
  packages = [
    ".",
    "context",
    "luis",
    "messenger",
    "session",
  ]
  pruneopts = "UT"
  revision = "3ae7a05b56321c5e64507fce08c411e372e7de71"

[solve-meta]
  analyzer-name = "dep"
  analyzer-version = 1
  input-imports = [
    "github.com/calebhiebert/gobbl",
    "github.com/calebhiebert/gobbl/context",
    "github.com/calebhiebert/gobbl/luis",
    "github.com/calebhiebert/gobbl/messenger",
    "github.com/calebhiebert/gobbl/session",
  ]
  solver-name = "gps-cdcl"
  solver-version = 1
