# This file is autogenerated, do not edit; changes may be undone by the next 'dep ensure'.


[[projects]]
  branch = "master"
  digest = "1:7d4989a11c9a7c883a4920419f4644437006b7ca0e5672ce267d3c6ef75b56df"
  name = "github.com/calebhiebert/gobbl"
  packages = [
    ".",
    "context",
    "luis",
    "messenger",
    "session",
  ]
  pruneopts = "UT"
  revision = "380af02b946a8a747340c559a624344216396852"

[[projects]]
  branch = "master"
  digest = "1:be40f095cd741773905744f16c1f7a21fd9226ccd0529f019deb7da6d667f71c"
  name = "github.com/logrusorgru/aurora"
  packages = ["."]
  pruneopts = "UT"
  revision = "a7b3b318ed4e1ae5b80602b08627267303c68572"

[[projects]]
  branch = "master"
  digest = "1:7af7e6d4c8334420eb075b54d5eff873e375b32f0740e4e4c819b69e0704c32d"
  name = "github.com/matoous/go-nanoid"
  packages = ["."]
  pruneopts = "UT"
  revision = "eab626deece6c9806cfbe2290859eb31a934edb0"

[solve-meta]
  analyzer-name = "dep"
  analyzer-version = 1
  input-imports = [
    "github.com/calebhiebert/gobbl",
    "github.com/calebhiebert/gobbl/context",
    "github.com/calebhiebert/gobbl/luis",
    "github.com/calebhiebert/gobbl/messenger",
    "github.com/calebhiebert/gobbl/session",
  ]
  solver-name = "gps-cdcl"
  solver-version = 1
