# This file is autogenerated, do not edit; changes may be undone by the next 'dep ensure'.


[[projects]]
  branch = "master"
  digest = "1:4af21b38de3c8b3a28a16dd2ee55ee3d29cdc542c597caeb819c845534c53b5b"
  name = "github.com/calebhiebert/gobbl"
  packages = [
    ".",
    "context",
    "luis",
    "messenger",
    "session",
  ]
  pruneopts = "UT"
  revision = "e80a658a06109a6a97f34320d112fd98ec1c87e4"

[solve-meta]
  analyzer-name = "dep"
  analyzer-version = 1
  input-imports = [
    "github.com/calebhiebert/gobbl",
    "github.com/calebhiebert/gobbl/context",
    "github.com/calebhiebert/gobbl/luis",
    "github.com/calebhiebert/gobbl/messenger",
    "github.com/calebhiebert/gobbl/session",
  ]
  solver-name = "gps-cdcl"
  solver-version = 1
